
Microsoft Visual Studio Solution File, Format Version 12.00
# Visual Studio 15
VisualStudioVersion = 15.0.26730.10
MinimumVisualStudioVersion = 10.0.40219.1
Project("{FAE04EC0-301F-11D3-BF4B-00C04F79EFBC}") = "HttpPostSerializer", "src\HttpPostSerializer\HttpPostSerializer.csproj", "{B45C83BE-03E5-45BB-BDEC-7C7E6D979F9B}"
EndProject
Global
	GlobalSection(SolutionConfigurationPlatforms) = preSolution
		Debug|Any CPU = Debug|Any CPU
		Release|Any CPU = Release|Any CPU
	EndGlobalSection
	GlobalSection(ProjectConfigurationPlatforms) = postSolution
		{B45C83BE-03E5-45BB-BDEC-7C7E6D979F9B}.Debug|Any CPU.ActiveCfg = Debug|Any CPU
		{B45C83BE-03E5-45BB-BDEC-7C7E6D979F9B}.Debug|Any CPU.Build.0 = Debug|Any CPU
		{B45C83BE-03E5-45BB-BDEC-7C7E6D979F9B}.Release|Any CPU.ActiveCfg = Release|Any CPU
		{B45C83BE-03E5-45BB-BDEC-7C7E6D979F9B}.Release|Any CPU.Build.0 = Release|Any CPU
	EndGlobalSection
	GlobalSection(SolutionProperties) = preSolution
		HideSolutionNode = FALSE
	EndGlobalSection
	GlobalSection(ExtensibilityGlobals) = postSolution
		SolutionGuid = {3D6A7C03-1B55-4848-AC73-7D42B0C266EB}
	EndGlobalSection
EndGlobal
